// !$*UTF8*$!
{
	archiveVersion = 1;
	classes = {
	};
	objectVersion = 46;
	objects = {

/* Begin PBXBuildFile section */
		436F0AE11C64B4F400FE373D /* BufferProvider.swift in Sources */ = {isa = PBXBuildFile; fileRef = 436F0AE01C64B4F400FE373D /* BufferProvider.swift */; };
		43E0BC451C635495007599C4 /* AppDelegate.swift in Sources */ = {isa = PBXBuildFile; fileRef = 43E0BC441C635495007599C4 /* AppDelegate.swift */; };
		43E0BC471C635495007599C4 /* MandelbrotViewController.swift in Sources */ = {isa = PBXBuildFile; fileRef = 43E0BC461C635495007599C4 /* MandelbrotViewController.swift */; };
		43E0BC491C635495007599C4 /* Assets.xcassets in Resources */ = {isa = PBXBuildFile; fileRef = 43E0BC481C635495007599C4 /* Assets.xcassets */; };
		43E0BC4C1C635495007599C4 /* Main.storyboard in Resources */ = {isa = PBXBuildFile; fileRef = 43E0BC4A1C635495007599C4 /* Main.storyboard */; };
		43E0BC541C635C4F007599C4 /* Shaders.metal in Sources */ = {isa = PBXBuildFile; fileRef = 43E0BC531C635C4F007599C4 /* Shaders.metal */; };
		43E0BC561C636556007599C4 /* Square.swift in Sources */ = {isa = PBXBuildFile; fileRef = 43E0BC551C636556007599C4 /* Square.swift */; };
		43E0BC581C6394B1007599C4 /* pal.png in Resources */ = {isa = PBXBuildFile; fileRef = 43E0BC571C6394B1007599C4 /* pal.png */; };
/* End PBXBuildFile section */

/* Begin PBXFileReference section */
		436F0AE01C64B4F400FE373D /* BufferProvider.swift */ = {isa = PBXFileReference; fileEncoding = 4; indentWidth = 2; lastKnownFileType = sourcecode.swift; path = BufferProvider.swift; sourceTree = "<group>"; tabWidth = 2; };
		43E0BC411C635495007599C4 /* Mandelbrot.app */ = {isa = PBXFileReference; explicitFileType = wrapper.application; includeInIndex = 0; path = Mandelbrot.app; sourceTree = BUILT_PRODUCTS_DIR; };
		43E0BC441C635495007599C4 /* AppDelegate.swift */ = {isa = PBXFileReference; lastKnownFileType = sourcecode.swift; name = AppDelegate.swift; path = ../AppDelegate.swift; sourceTree = "<group>"; };
		43E0BC461C635495007599C4 /* MandelbrotViewController.swift */ = {isa = PBXFileReference; lastKnownFileType = sourcecode.swift; path = MandelbrotViewController.swift; sourceTree = "<group>"; };
		43E0BC481C635495007599C4 /* Assets.xcassets */ = {isa = PBXFileReference; lastKnownFileType = folder.assetcatalog; name = Assets.xcassets; path = ../Assets.xcassets; sourceTree = "<group>"; };
		43E0BC4B1C635495007599C4 /* Base */ = {isa = PBXFileReference; lastKnownFileType = file.storyboard; name = Base; path = Base.lproj/Main.storyboard; sourceTree = "<group>"; };
		43E0BC531C635C4F007599C4 /* Shaders.metal */ = {isa = PBXFileReference; fileEncoding = 4; lastKnownFileType = sourcecode.metal; path = Shaders.metal; sourceTree = "<group>"; };
		43E0BC551C636556007599C4 /* Square.swift */ = {isa = PBXFileReference; fileEncoding = 4; lastKnownFileType = sourcecode.swift; path = Square.swift; sourceTree = "<group>"; };
		43E0BC571C6394B1007599C4 /* pal.png */ = {isa = PBXFileReference; lastKnownFileType = image.png; path = pal.png; sourceTree = "<group>"; };
/* End PBXFileReference section */

/* Begin PBXFrameworksBuildPhase section */
		43E0BC3E1C635495007599C4 /* Frameworks */ = {
			isa = PBXFrameworksBuildPhase;
			buildActionMask = 2147483647;
			files = (
			);
			runOnlyForDeploymentPostprocessing = 0;
		};
/* End PBXFrameworksBuildPhase section */

/* Begin PBXGroup section */
		436F0AE21C64C2AE00FE373D /* Supporting files */ = {
			isa = PBXGroup;
			children = (
				43E0BC441C635495007599C4 /* AppDelegate.swift */,
				43E0BC481C635495007599C4 /* Assets.xcassets */,
			);
			path = "Supporting files";
			sourceTree = "<group>";
		};
		43E0BC381C635495007599C4 = {
			isa = PBXGroup;
			children = (
				43E0BC431C635495007599C4 /* Mandelbrot */,
				43E0BC421C635495007599C4 /* Products */,
			);
			sourceTree = "<group>";
		};
		43E0BC421C635495007599C4 /* Products */ = {
			isa = PBXGroup;
			children = (
				43E0BC411C635495007599C4 /* Mandelbrot.app */,
			);
			name = Products;
			sourceTree = "<group>";
		};
		43E0BC431C635495007599C4 /* Mandelbrot */ = {
			isa = PBXGroup;
			children = (
				436F0AE21C64C2AE00FE373D /* Supporting files */,
				43E0BC571C6394B1007599C4 /* pal.png */,
				43E0BC461C635495007599C4 /* MandelbrotViewController.swift */,
				43E0BC551C636556007599C4 /* Square.swift */,
				436F0AE01C64B4F400FE373D /* BufferProvider.swift */,
				43E0BC531C635C4F007599C4 /* Shaders.metal */,
				43E0BC4A1C635495007599C4 /* Main.storyboard */,
			);
			path = Mandelbrot;
			sourceTree = "<group>";
		};
/* End PBXGroup section */

/* Begin PBXNativeTarget section */
		43E0BC401C635495007599C4 /* Mandelbrot */ = {
			isa = PBXNativeTarget;
			buildConfigurationList = 43E0BC501C635495007599C4 /* Build configuration list for PBXNativeTarget "Mandelbrot" */;
			buildPhases = (
				43E0BC3D1C635495007599C4 /* Sources */,
				43E0BC3E1C635495007599C4 /* Frameworks */,
				43E0BC3F1C635495007599C4 /* Resources */,
			);
			buildRules = (
			);
			dependencies = (
			);
			name = Mandelbrot;
			productName = Mandelbrot;
			productReference = 43E0BC411C635495007599C4 /* Mandelbrot.app */;
			productType = "com.apple.product-type.application";
		};
/* End PBXNativeTarget section */

/* Begin PBXProject section */
		43E0BC391C635495007599C4 /* Project object */ = {
			isa = PBXProject;
			attributes = {
				LastSwiftUpdateCheck = 0720;
				LastUpgradeCheck = 1020;
				ORGANIZATIONNAME = "Andriy K.";
				TargetAttributes = {
					43E0BC401C635495007599C4 = {
						CreatedOnToolsVersion = 7.2;
						LastSwiftMigration = 0820;
					};
				};
			};
			buildConfigurationList = 43E0BC3C1C635495007599C4 /* Build configuration list for PBXProject "Mandelbrot" */;
			compatibilityVersion = "Xcode 3.2";
			developmentRegion = en;
			hasScannedForEncodings = 0;
			knownRegions = (
				en,
				Base,
			);
			mainGroup = 43E0BC381C635495007599C4;
			productRefGroup = 43E0BC421C635495007599C4 /* Products */;
			projectDirPath = "";
			projectRoot = "";
			targets = (
				43E0BC401C635495007599C4 /* Mandelbrot */,
			);
		};
/* End PBXProject section */

/* Begin PBXResourcesBuildPhase section */
		43E0BC3F1C635495007599C4 /* Resources */ = {
			isa = PBXResourcesBuildPhase;
			buildActionMask = 2147483647;
			files = (
				43E0BC581C6394B1007599C4 /* pal.png in Resources */,
				43E0BC491C635495007599C4 /* Assets.xcassets in Resources */,
				43E0BC4C1C635495007599C4 /* Main.storyboard in Resources */,
			);
			runOnlyForDeploymentPostprocessing = 0;
		};
/* End PBXResourcesBuildPhase section */

/* Begin PBXSourcesBuildPhase section */
		43E0BC3D1C635495007599C4 /* Sources */ = {
			isa = PBXSourcesBuildPhase;
			buildActionMask = 2147483647;
			files = (
				43E0BC561C636556007599C4 /* Square.swift in Sources */,
				43E0BC541C635C4F007599C4 /* Shaders.metal in Sources */,
				436F0AE11C64B4F400FE373D /* BufferProvider.swift in Sources */,
				43E0BC471C635495007599C4 /* MandelbrotViewController.swift in Sources */,
				43E0BC451C635495007599C4 /* AppDelegate.swift in Sources */,
			);
			runOnlyForDeploymentPostprocessing = 0;
		};
/* End PBXSourcesBuildPhase section */

/* Begin PBXVariantGroup section */
		43E0BC4A1C635495007599C4 /* Main.storyboard */ = {
			isa = PBXVariantGroup;
			children = (
				43E0BC4B1C635495007599C4 /* Base */,
			);
			name = Main.storyboard;
			sourceTree = "<group>";
		};
/* End PBXVariantGroup section */

/* Begin XCBuildConfiguration section */
		43E0BC4E1C635495007599C4 /* Debug */ = {
			isa = XCBuildConfiguration;
			buildSettings = {
				ALWAYS_SEARCH_USER_PATHS = NO;
				CLANG_ANALYZER_LOCALIZABILITY_NONLOCALIZED = YES;
				CLANG_CXX_LANGUAGE_STANDARD = "gnu++0x";
				CLANG_CXX_LIBRARY = "libc++";
				CLANG_ENABLE_MODULES = YES;
				CLANG_ENABLE_OBJC_ARC = YES;
				CLANG_WARN_BLOCK_CAPTURE_AUTORELEASING = YES;
				CLANG_WARN_BOOL_CONVERSION = YES;
				CLANG_WARN_COMMA = YES;
				CLANG_WARN_CONSTANT_CONVERSION = YES;
				CLANG_WARN_DEPRECATED_OBJC_IMPLEMENTATIONS = YES;
				CLANG_WARN_DIRECT_OBJC_ISA_USAGE = YES_ERROR;
				CLANG_WARN_EMPTY_BODY = YES;
				CLANG_WARN_ENUM_CONVERSION = YES;
				CLANG_WARN_INFINITE_RECURSION = YES;
				CLANG_WARN_INT_CONVERSION = YES;
				CLANG_WARN_NON_LITERAL_NULL_CONVERSION = YES;
				CLANG_WARN_OBJC_IMPLICIT_RETAIN_SELF = YES;
				CLANG_WARN_OBJC_LITERAL_CONVERSION = YES;
				CLANG_WARN_OBJC_ROOT_CLASS = YES_ERROR;
				CLANG_WARN_RANGE_LOOP_ANALYSIS = YES;
				CLANG_WARN_STRICT_PROTOTYPES = YES;
				CLANG_WARN_SUSPICIOUS_MOVE = YES;
				CLANG_WARN_UNREACHABLE_CODE = YES;
				CLANG_WARN__DUPLICATE_METHOD_MATCH = YES;
				CODE_SIGN_IDENTITY = "-";
				COPY_PHASE_STRIP = NO;
				DEBUG_INFORMATION_FORMAT = dwarf;
				ENABLE_STRICT_OBJC_MSGSEND = YES;
				ENABLE_TESTABILITY = YES;
				GCC_C_LANGUAGE_STANDARD = gnu99;
				GCC_DYNAMIC_NO_PIC = NO;
				GCC_NO_COMMON_BLOCKS = YES;
				GCC_OPTIMIZATION_LEVEL = 0;
				GCC_PREPROCESSOR_DEFINITIONS = (
					"DEBUG=1",
					"$(inherited)",
				);
				GCC_WARN_64_TO_32_BIT_CONVERSION = YES;
				GCC_WARN_ABOUT_RETURN_TYPE = YES_ERROR;
				GCC_WARN_UNDECLARED_SELECTOR = YES;
				GCC_WARN_UNINITIALIZED_AUTOS = YES_AGGRESSIVE;
				GCC_WARN_UNUSED_FUNCTION = YES;
				GCC_WARN_UNUSED_VARIABLE = YES;
				MACOSX_DEPLOYMENT_TARGET = 10.11;
				MTL_ENABLE_DEBUG_INFO = YES;
				ONLY_ACTIVE_ARCH = YES;
				SDKROOT = macosx;
				SWIFT_OPTIMIZATION_LEVEL = "-Onone";
				SWIFT_VERSION = 5.0;
			};
			name = Debug;
		};
		43E0BC4F1C635495007599C4 /* Release */ = {
			isa = XCBuildConfiguration;
			buildSettings = {
				ALWAYS_SEARCH_USER_PATHS = NO;
				CLANG_ANALYZER_LOCALIZABILITY_NONLOCALIZED = YES;
				CLANG_CXX_LANGUAGE_STANDARD = "gnu++0x";
				CLANG_CXX_LIBRARY = "libc++";
				CLANG_ENABLE_MODULES = YES;
				CLANG_ENABLE_OBJC_ARC = YES;
				CLANG_WARN_BLOCK_CAPTURE_AUTORELEASING = YES;
				CLANG_WARN_BOOL_CONVERSION = YES;
				CLANG_WARN_COMMA = YES;
				CLANG_WARN_CONSTANT_CONVERSION = YES;
				CLANG_WARN_DEPRECATED_OBJC_IMPLEMENTATIONS = YES;
				CLANG_WARN_DIRECT_OBJC_ISA_USAGE = YES_ERROR;
				CLANG_WARN_EMPTY_BODY = YES;
				CLANG_WARN_ENUM_CONVERSION = YES;
				CLANG_WARN_INFINITE_RECURSION = YES;
				CLANG_WARN_INT_CONVERSION = YES;
				CLANG_WARN_NON_LITERAL_NULL_CONVERSION = YES;
				CLANG_WARN_OBJC_IMPLICIT_RETAIN_SELF = YES;
				CLANG_WARN_OBJC_LITERAL_CONVERSION = YES;
				CLANG_WARN_OBJC_ROOT_CLASS = YES_ERROR;
				CLANG_WARN_RANGE_LOOP_ANALYSIS = YES;
				CLANG_WARN_STRICT_PROTOTYPES = YES;
				CLANG_WARN_SUSPICIOUS_MOVE = YES;
				CLANG_WARN_UNREACHABLE_CODE = YES;
				CLANG_WARN__DUPLICATE_METHOD_MATCH = YES;
				CODE_SIGN_IDENTITY = "-";
				COPY_PHASE_STRIP = NO;
				DEBUG_INFORMATION_FORMAT = "dwarf-with-dsym";
				ENABLE_NS_ASSERTIONS = NO;
				ENABLE_STRICT_OBJC_MSGSEND = YES;
				GCC_C_LANGUAGE_STANDARD = gnu99;
				GCC_NO_COMMON_BLOCKS = YES;
				GCC_WARN_64_TO_32_BIT_CONVERSION = YES;
				GCC_WARN_ABOUT_RETURN_TYPE = YES_ERROR;
				GCC_WARN_UNDECLARED_SELECTOR = YES;
				GCC_WARN_UNINITIALIZED_AUTOS = YES_AGGRESSIVE;
				GCC_WARN_UNUSED_FUNCTION = YES;
				GCC_WARN_UNUSED_VARIABLE = YES;
				MACOSX_DEPLOYMENT_TARGET = 10.11;
				MTL_ENABLE_DEBUG_INFO = NO;
				SDKROOT = macosx;
				SWIFT_OPTIMIZATION_LEVEL = "-Owholemodule";
				SWIFT_VERSION = 5.0;
			};
			name = Release;
		};
		43E0BC511C635495007599C4 /* Debug */ = {
			isa = XCBuildConfiguration;
			buildSettings = {
				ASSETCATALOG_COMPILER_APPICON_NAME = AppIcon;
				COMBINE_HIDPI_IMAGES = YES;
				INFOPLIST_FILE = Mandelbrot/Info.plist;
				LD_RUNPATH_SEARCH_PATHS = "$(inherited) @executable_path/../Frameworks";
				PRODUCT_BUNDLE_IDENTIFIER = com.haawa.WaniKani.Mandelbrot;
				PRODUCT_NAME = "$(TARGET_NAME)";
			};
			name = Debug;
		};
		43E0BC521C635495007599C4 /* Release */ = {
			isa = XCBuildConfiguration;
			buildSettings = {
				ASSETCATALOG_COMPILER_APPICON_NAME = AppIcon;
				COMBINE_HIDPI_IMAGES = YES;
				INFOPLIST_FILE = Mandelbrot/Info.plist;
				LD_RUNPATH_SEARCH_PATHS = "$(inherited) @executable_path/../Frameworks";
				PRODUCT_BUNDLE_IDENTIFIER = com.haawa.WaniKani.Mandelbrot;
				PRODUCT_NAME = "$(TARGET_NAME)";
			};
			name = Release;
		};
/* End XCBuildConfiguration section */

/* Begin XCConfigurationList section */
		43E0BC3C1C635495007599C4 /* Build configuration list for PBXProject "Mandelbrot" */ = {
			isa = XCConfigurationList;
			buildConfigurations = (
				43E0BC4E1C635495007599C4 /* Debug */,
				43E0BC4F1C635495007599C4 /* Release */,
			);
			defaultConfigurationIsVisible = 0;
			defaultConfigurationName = Release;
		};
		43E0BC501C635495007599C4 /* Build configuration list for PBXNativeTarget "Mandelbrot" */ = {
			isa = XCConfigurationList;
			buildConfigurations = (
				43E0BC511C635495007599C4 /* Debug */,
				43E0BC521C635495007599C4 /* Release */,
			);
			defaultConfigurationIsVisible = 0;
			defaultConfigurationName = Release;
		};
/* End XCConfigurationList section */
	};
	rootObject = 43E0BC391C635495007599C4 /* Project object */;
}
